// !$*UTF8*$!
{
	archiveVersion = 1;
	classes = {
	};
	objectVersion = 51;
	objects = {

/* Begin PBXBuildFile section */
		231C117C22A41FFD0024588B /* TimeTableViewController.swift in Sources */ = {isa = PBXBuildFile; fileRef = 231C117B22A41FFD0024588B /* TimeTableViewController.swift */; };
		231C118C22A43BBA0024588B /* LoginViewController.swift in Sources */ = {isa = PBXBuildFile; fileRef = 231C118B22A43BBA0024588B /* LoginViewController.swift */; };
		233F64F922A1659D003DF079 /* AppDelegate.swift in Sources */ = {isa = PBXBuildFile; fileRef = 233F64F822A1659D003DF079 /* AppDelegate.swift */; };
		233F64FB22A1659D003DF079 /* MasterViewController.swift in Sources */ = {isa = PBXBuildFile; fileRef = 233F64FA22A1659D003DF079 /* MasterViewController.swift */; };
		233F64FD22A1659D003DF079 /* DetailViewController.swift in Sources */ = {isa = PBXBuildFile; fileRef = 233F64FC22A1659D003DF079 /* DetailViewController.swift */; };
		233F650022A1659D003DF079 /* Main.storyboard in Resources */ = {isa = PBXBuildFile; fileRef = 233F64FE22A1659D003DF079 /* Main.storyboard */; };
		233F650222A1659D003DF079 /* Assets.xcassets in Resources */ = {isa = PBXBuildFile; fileRef = 233F650122A1659D003DF079 /* Assets.xcassets */; };
		233F650522A1659D003DF079 /* LaunchScreen.storyboard in Resources */ = {isa = PBXBuildFile; fileRef = 233F650322A1659D003DF079 /* LaunchScreen.storyboard */; };
		233F651022A1659D003DF079 /* bangsephTests.swift in Sources */ = {isa = PBXBuildFile; fileRef = 233F650F22A1659D003DF079 /* bangsephTests.swift */; };
		233F651B22A1659D003DF079 /* bangsephUITests.swift in Sources */ = {isa = PBXBuildFile; fileRef = 233F651A22A1659D003DF079 /* bangsephUITests.swift */; };
		235A8B44234B97DD00F0062B /* SearchFooter.swift in Sources */ = {isa = PBXBuildFile; fileRef = 235A8B42234B97DD00F0062B /* SearchFooter.swift */; };
		235A8B45234B97DD00F0062B /* Candy.swift in Sources */ = {isa = PBXBuildFile; fileRef = 235A8B43234B97DD00F0062B /* Candy.swift */; };
		235A8B47234B981500F0062B /* Hospital.swift in Sources */ = {isa = PBXBuildFile; fileRef = 235A8B46234B981400F0062B /* Hospital.swift */; };
		235A8B49234B985100F0062B /* 서울시 역코드로 지하철역 위치 조회.json in Resources */ = {isa = PBXBuildFile; fileRef = 235A8B48234B985100F0062B /* 서울시 역코드로 지하철역 위치 조회.json */; };
		235A8B4B234B98D200F0062B /* GoogleService-Info.plist in Resources */ = {isa = PBXBuildFile; fileRef = 235A8B4A234B98D200F0062B /* GoogleService-Info.plist */; };
		235A8B4D234B993000F0062B /* IMG_7201.jpg in Resources */ = {isa = PBXBuildFile; fileRef = 235A8B4C234B993000F0062B /* IMG_7201.jpg */; };
		235A8B4F234B995D00F0062B /* IMG_B8436465A33E-1.jpeg in Resources */ = {isa = PBXBuildFile; fileRef = 235A8B4E234B995D00F0062B /* IMG_B8436465A33E-1.jpeg */; };
		235A8B51234B998900F0062B /* KakaoTalk_Photo_2019-06-03-01-55-32.png in Resources */ = {isa = PBXBuildFile; fileRef = 235A8B50234B998900F0062B /* KakaoTalk_Photo_2019-06-03-01-55-32.png */; };
		236457FF22B74183008CAD73 /* 런치스크린.png in Resources */ = {isa = PBXBuildFile; fileRef = 236457FD22B74183008CAD73 /* 런치스크린.png */; };
		2364580022B74183008CAD73 /* 스크린샷 2019-06-17 오전 11.59.24.png in Resources */ = {isa = PBXBuildFile; fileRef = 236457FE22B74183008CAD73 /* 스크린샷 2019-06-17 오전 11.59.24.png */; };
		23B8F38D22B69B0F0067650F /* UpTimeTabelViewController.swift in Sources */ = {isa = PBXBuildFile; fileRef = 23B8F38C22B69B0F0067650F /* UpTimeTabelViewController.swift */; };
		23B8F38F22B69B1F0067650F /* DownTableViewController.swift in Sources */ = {isa = PBXBuildFile; fileRef = 23B8F38E22B69B1F0067650F /* DownTableViewController.swift */; };
		23B8F39522B6A6590067650F /* StardustView.swift in Sources */ = {isa = PBXBuildFile; fileRef = 23B8F39022B6A6580067650F /* StardustView.swift */; };
		23B8F39722B6A6590067650F /* AudioController.swift in Sources */ = {isa = PBXBuildFile; fileRef = 23B8F39222B6A6580067650F /* AudioController.swift */; };
		23B8F39822B6A6590067650F /* ExplodeView.swift in Sources */ = {isa = PBXBuildFile; fileRef = 23B8F39322B6A6580067650F /* ExplodeView.swift */; };
		23B8F39922B6A6590067650F /* Config.swift in Sources */ = {isa = PBXBuildFile; fileRef = 23B8F39422B6A6580067650F /* Config.swift */; };
		23B8F3A122B6A6A00067650F /* wrong.m4a in Resources */ = {isa = PBXBuildFile; fileRef = 23B8F39E22B6A6A00067650F /* wrong.m4a */; };
		23B8F3A222B6A6A00067650F /* ding.mp3 in Resources */ = {isa = PBXBuildFile; fileRef = 23B8F39F22B6A6A00067650F /* ding.mp3 */; };
		23B8F3A322B6A6A00067650F /* win.mp3 in Resources */ = {isa = PBXBuildFile; fileRef = 23B8F3A022B6A6A00067650F /* win.mp3 */; };
		23B8F3A522B6A6A60067650F /* Comic_Andy.ttf in Resources */ = {isa = PBXBuildFile; fileRef = 23B8F3A422B6A6A60067650F /* Comic_Andy.ttf */; };
		23B8F3A722B6A6AB0067650F /* particle.png in Resources */ = {isa = PBXBuildFile; fileRef = 23B8F3A622B6A6AB0067650F /* particle.png */; };
		23B8F3A922B6AFA80067650F /* KakaoTalk_Photo_2019-06-17-02-10-08.png in Resources */ = {isa = PBXBuildFile; fileRef = 23B8F3A822B6AFA70067650F /* KakaoTalk_Photo_2019-06-17-02-10-08.png */; };
		23B8F3AB22B6B15B0067650F /* KakaoTalk_Photo_2019-06-17-02-17-26.png in Resources */ = {isa = PBXBuildFile; fileRef = 23B8F3AA22B6B15B0067650F /* KakaoTalk_Photo_2019-06-17-02-17-26.png */; };
		3321A8736A662228B44D8A41 /* Pods_bangsephUITests.framework in Frameworks */ = {isa = PBXBuildFile; fileRef = 9C77E16F62D8736345F46BF3 /* Pods_bangsephUITests.framework */; };
		ACAE088D29289851F8693C74 /* Pods_bangsephTests.framework in Frameworks */ = {isa = PBXBuildFile; fileRef = EEDAFEEA3E2FA2C6762CFF2C /* Pods_bangsephTests.framework */; };
		E2C57AA91675EBEC2615F723 /* Pods_bangseph.framework in Frameworks */ = {isa = PBXBuildFile; fileRef = 8BD22437BFD7761D1F98DB22 /* Pods_bangseph.framework */; };
/* End PBXBuildFile section */

/* Begin PBXContainerItemProxy section */
		233F650C22A1659D003DF079 /* PBXContainerItemProxy */ = {
			isa = PBXContainerItemProxy;
			containerPortal = 233F64ED22A1659D003DF079 /* Project object */;
			proxyType = 1;
			remoteGlobalIDString = 233F64F422A1659D003DF079;
			remoteInfo = bangseph;
		};
		233F651722A1659D003DF079 /* PBXContainerItemProxy */ = {
			isa = PBXContainerItemProxy;
			containerPortal = 233F64ED22A1659D003DF079 /* Project object */;
			proxyType = 1;
			remoteGlobalIDString = 233F64F422A1659D003DF079;
			remoteInfo = bangseph;
		};
/* End PBXContainerItemProxy section */

/* Begin PBXFileReference section */
		231C117B22A41FFD0024588B /* TimeTableViewController.swift */ = {isa = PBXFileReference; lastKnownFileType = sourcecode.swift; path = TimeTableViewController.swift; sourceTree = "<group>"; };
		231C118B22A43BBA0024588B /* LoginViewController.swift */ = {isa = PBXFileReference; lastKnownFileType = sourcecode.swift; path = LoginViewController.swift; sourceTree = "<group>"; };
		233F64F522A1659D003DF079 /* bangseph.app */ = {isa = PBXFileReference; explicitFileType = wrapper.application; includeInIndex = 0; path = bangseph.app; sourceTree = BUILT_PRODUCTS_DIR; };
		233F64F822A1659D003DF079 /* AppDelegate.swift */ = {isa = PBXFileReference; lastKnownFileType = sourcecode.swift; path = AppDelegate.swift; sourceTree = "<group>"; };
		233F64FA22A1659D003DF079 /* MasterViewController.swift */ = {isa = PBXFileReference; lastKnownFileType = sourcecode.swift; path = MasterViewController.swift; sourceTree = "<group>"; };
		233F64FC22A1659D003DF079 /* DetailViewController.swift */ = {isa = PBXFileReference; lastKnownFileType = sourcecode.swift; path = DetailViewController.swift; sourceTree = "<group>"; };
		233F64FF22A1659D003DF079 /* Base */ = {isa = PBXFileReference; lastKnownFileType = file.storyboard; name = Base; path = Base.lproj/Main.storyboard; sourceTree = "<group>"; };
		233F650122A1659D003DF079 /* Assets.xcassets */ = {isa = PBXFileReference; lastKnownFileType = folder.assetcatalog; path = Assets.xcassets; sourceTree = "<group>"; };
		233F650422A1659D003DF079 /* Base */ = {isa = PBXFileReference; lastKnownFileType = file.storyboard; name = Base; path = Base.lproj/LaunchScreen.storyboard; sourceTree = "<group>"; };
		233F650622A1659D003DF079 /* Info.plist */ = {isa = PBXFileReference; lastKnownFileType = text.plist.xml; path = Info.plist; sourceTree = "<group>"; };
		233F650B22A1659D003DF079 /* bangsephTests.xctest */ = {isa = PBXFileReference; explicitFileType = wrapper.cfbundle; includeInIndex = 0; path = bangsephTests.xctest; sourceTree = BUILT_PRODUCTS_DIR; };
		233F650F22A1659D003DF079 /* bangsephTests.swift */ = {isa = PBXFileReference; lastKnownFileType = sourcecode.swift; path = bangsephTests.swift; sourceTree = "<group>"; };
		233F651122A1659D003DF079 /* Info.plist */ = {isa = PBXFileReference; lastKnownFileType = text.plist.xml; path = Info.plist; sourceTree = "<group>"; };
		233F651622A1659D003DF079 /* bangsephUITests.xctest */ = {isa = PBXFileReference; explicitFileType = wrapper.cfbundle; includeInIndex = 0; path = bangsephUITests.xctest; sourceTree = BUILT_PRODUCTS_DIR; };
		233F651A22A1659D003DF079 /* bangsephUITests.swift */ = {isa = PBXFileReference; lastKnownFileType = sourcecode.swift; path = bangsephUITests.swift; sourceTree = "<group>"; };
		233F651C22A1659D003DF079 /* Info.plist */ = {isa = PBXFileReference; lastKnownFileType = text.plist.xml; path = Info.plist; sourceTree = "<group>"; };
		235A8B42234B97DD00F0062B /* SearchFooter.swift */ = {isa = PBXFileReference; fileEncoding = 4; lastKnownFileType = sourcecode.swift; path = SearchFooter.swift; sourceTree = "<group>"; };
		235A8B43234B97DD00F0062B /* Candy.swift */ = {isa = PBXFileReference; fileEncoding = 4; lastKnownFileType = sourcecode.swift; path = Candy.swift; sourceTree = "<group>"; };
		235A8B46234B981400F0062B /* Hospital.swift */ = {isa = PBXFileReference; fileEncoding = 4; lastKnownFileType = sourcecode.swift; path = Hospital.swift; sourceTree = "<group>"; };
		235A8B48234B985100F0062B /* 서울시 역코드로 지하철역 위치 조회.json */ = {isa = PBXFileReference; fileEncoding = 4; lastKnownFileType = text.json; path = "서울시 역코드로 지하철역 위치 조회.json"; sourceTree = "<group>"; };
		235A8B4A234B98D200F0062B /* GoogleService-Info.plist */ = {isa = PBXFileReference; fileEncoding = 4; lastKnownFileType = text.plist.xml; path = "GoogleService-Info.plist"; sourceTree = "<group>"; };
		235A8B4C234B993000F0062B /* IMG_7201.jpg */ = {isa = PBXFileReference; lastKnownFileType = image.jpeg; path = IMG_7201.jpg; sourceTree = "<group>"; };
		235A8B4E234B995D00F0062B /* IMG_B8436465A33E-1.jpeg */ = {isa = PBXFileReference; lastKnownFileType = image.jpeg; path = "IMG_B8436465A33E-1.jpeg"; sourceTree = "<group>"; };
		235A8B50234B998900F0062B /* KakaoTalk_Photo_2019-06-03-01-55-32.png */ = {isa = PBXFileReference; lastKnownFileType = image.png; path = "KakaoTalk_Photo_2019-06-03-01-55-32.png"; sourceTree = "<group>"; };
		236457FD22B74183008CAD73 /* 런치스크린.png */ = {isa = PBXFileReference; lastKnownFileType = image.png; path = "런치스크린.png"; sourceTree = "<group>"; };
		236457FE22B74183008CAD73 /* 스크린샷 2019-06-17 오전 11.59.24.png */ = {isa = PBXFileReference; lastKnownFileType = image.png; path = "스크린샷 2019-06-17 오전 11.59.24.png"; sourceTree = "<group>"; };
		23B8F38C22B69B0F0067650F /* UpTimeTabelViewController.swift */ = {isa = PBXFileReference; lastKnownFileType = sourcecode.swift; path = UpTimeTabelViewController.swift; sourceTree = "<group>"; };
		23B8F38E22B69B1F0067650F /* DownTableViewController.swift */ = {isa = PBXFileReference; lastKnownFileType = sourcecode.swift; path = DownTableViewController.swift; sourceTree = "<group>"; };
		23B8F39022B6A6580067650F /* StardustView.swift */ = {isa = PBXFileReference; fileEncoding = 4; lastKnownFileType = sourcecode.swift; path = StardustView.swift; sourceTree = "<group>"; };
		23B8F39222B6A6580067650F /* AudioController.swift */ = {isa = PBXFileReference; fileEncoding = 4; lastKnownFileType = sourcecode.swift; path = AudioController.swift; sourceTree = "<group>"; };
		23B8F39322B6A6580067650F /* ExplodeView.swift */ = {isa = PBXFileReference; fileEncoding = 4; lastKnownFileType = sourcecode.swift; path = ExplodeView.swift; sourceTree = "<group>"; };
		23B8F39422B6A6580067650F /* Config.swift */ = {isa = PBXFileReference; fileEncoding = 4; lastKnownFileType = sourcecode.swift; path = Config.swift; sourceTree = "<group>"; };
		23B8F39E22B6A6A00067650F /* wrong.m4a */ = {isa = PBXFileReference; lastKnownFileType = file; name = wrong.m4a; path = bangseph/Assets1/Audio/wrong.m4a; sourceTree = SOURCE_ROOT; };
		23B8F39F22B6A6A00067650F /* ding.mp3 */ = {isa = PBXFileReference; lastKnownFileType = audio.mp3; name = ding.mp3; path = bangseph/Assets1/Audio/ding.mp3; sourceTree = SOURCE_ROOT; };
		23B8F3A022B6A6A00067650F /* win.mp3 */ = {isa = PBXFileReference; lastKnownFileType = audio.mp3; name = win.mp3; path = bangseph/Assets1/Audio/win.mp3; sourceTree = SOURCE_ROOT; };
		23B8F3A422B6A6A60067650F /* Comic_Andy.ttf */ = {isa = PBXFileReference; lastKnownFileType = file; name = Comic_Andy.ttf; path = bangseph/Assets1/Font/Comic_Andy.ttf; sourceTree = SOURCE_ROOT; };
		23B8F3A622B6A6AB0067650F /* particle.png */ = {isa = PBXFileReference; lastKnownFileType = image.png; name = particle.png; path = bangseph/Assets1/Particles/particle.png; sourceTree = SOURCE_ROOT; };
		23B8F3A822B6AFA70067650F /* KakaoTalk_Photo_2019-06-17-02-10-08.png */ = {isa = PBXFileReference; lastKnownFileType = image.png; path = "KakaoTalk_Photo_2019-06-17-02-10-08.png"; sourceTree = "<group>"; };
		23B8F3AA22B6B15B0067650F /* KakaoTalk_Photo_2019-06-17-02-17-26.png */ = {isa = PBXFileReference; lastKnownFileType = image.png; path = "KakaoTalk_Photo_2019-06-17-02-17-26.png"; sourceTree = "<group>"; };
		247B87CDC7C363F3638630A8 /* Pods-bangsephUITests.release.xcconfig */ = {isa = PBXFileReference; includeInIndex = 1; lastKnownFileType = text.xcconfig; name = "Pods-bangsephUITests.release.xcconfig"; path = "Target Support Files/Pods-bangsephUITests/Pods-bangsephUITests.release.xcconfig"; sourceTree = "<group>"; };
		26815E1392F81BACB8A89E0D /* Pods-bangseph.debug.xcconfig */ = {isa = PBXFileReference; includeInIndex = 1; lastKnownFileType = text.xcconfig; name = "Pods-bangseph.debug.xcconfig"; path = "Target Support Files/Pods-bangseph/Pods-bangseph.debug.xcconfig"; sourceTree = "<group>"; };
		3042C6CB1CA5A77C1F504AD6 /* Pods-bangsephTests.release.xcconfig */ = {isa = PBXFileReference; includeInIndex = 1; lastKnownFileType = text.xcconfig; name = "Pods-bangsephTests.release.xcconfig"; path = "Target Support Files/Pods-bangsephTests/Pods-bangsephTests.release.xcconfig"; sourceTree = "<group>"; };
		8BD22437BFD7761D1F98DB22 /* Pods_bangseph.framework */ = {isa = PBXFileReference; explicitFileType = wrapper.framework; includeInIndex = 0; path = Pods_bangseph.framework; sourceTree = BUILT_PRODUCTS_DIR; };
		9C77E16F62D8736345F46BF3 /* Pods_bangsephUITests.framework */ = {isa = PBXFileReference; explicitFileType = wrapper.framework; includeInIndex = 0; path = Pods_bangsephUITests.framework; sourceTree = BUILT_PRODUCTS_DIR; };
		ABB2ECDED5CB30242D282CAC /* Pods-bangseph.release.xcconfig */ = {isa = PBXFileReference; includeInIndex = 1; lastKnownFileType = text.xcconfig; name = "Pods-bangseph.release.xcconfig"; path = "Target Support Files/Pods-bangseph/Pods-bangseph.release.xcconfig"; sourceTree = "<group>"; };
		B22F49F919FC7891E707004E /* Pods-bangsephUITests.debug.xcconfig */ = {isa = PBXFileReference; includeInIndex = 1; lastKnownFileType = text.xcconfig; name = "Pods-bangsephUITests.debug.xcconfig"; path = "Target Support Files/Pods-bangsephUITests/Pods-bangsephUITests.debug.xcconfig"; sourceTree = "<group>"; };
		EEDAFEEA3E2FA2C6762CFF2C /* Pods_bangsephTests.framework */ = {isa = PBXFileReference; explicitFileType = wrapper.framework; includeInIndex = 0; path = Pods_bangsephTests.framework; sourceTree = BUILT_PRODUCTS_DIR; };
		F8272CB8B9B2C2228A0075D2 /* Pods-bangsephTests.debug.xcconfig */ = {isa = PBXFileReference; includeInIndex = 1; lastKnownFileType = text.xcconfig; name = "Pods-bangsephTests.debug.xcconfig"; path = "Target Support Files/Pods-bangsephTests/Pods-bangsephTests.debug.xcconfig"; sourceTree = "<group>"; };
/* End PBXFileReference section */

/* Begin PBXFrameworksBuildPhase section */
		233F64F222A1659D003DF079 /* Frameworks */ = {
			isa = PBXFrameworksBuildPhase;
			buildActionMask = 2147483647;
			files = (
				E2C57AA91675EBEC2615F723 /* Pods_bangseph.framework in Frameworks */,
			);
			runOnlyForDeploymentPostprocessing = 0;
		};
		233F650822A1659D003DF079 /* Frameworks */ = {
			isa = PBXFrameworksBuildPhase;
			buildActionMask = 2147483647;
			files = (
				ACAE088D29289851F8693C74 /* Pods_bangsephTests.framework in Frameworks */,
			);
			runOnlyForDeploymentPostprocessing = 0;
		};
		233F651322A1659D003DF079 /* Frameworks */ = {
			isa = PBXFrameworksBuildPhase;
			buildActionMask = 2147483647;
			files = (
				3321A8736A662228B44D8A41 /* Pods_bangsephUITests.framework in Frameworks */,
			);
			runOnlyForDeploymentPostprocessing = 0;
		};
/* End PBXFrameworksBuildPhase section */

/* Begin PBXGroup section */
		233F64EC22A1659D003DF079 = {
			isa = PBXGroup;
			children = (
				233F64F722A1659D003DF079 /* bangseph */,
				233F650E22A1659D003DF079 /* bangsephTests */,
				233F651922A1659D003DF079 /* bangsephUITests */,
				233F64F622A1659D003DF079 /* Products */,
				5DD9D7FBCA6CA37281F6C711 /* Pods */,
				C0F776CF84B89419EFB201A8 /* Frameworks */,
			);
			sourceTree = "<group>";
		};
		233F64F622A1659D003DF079 /* Products */ = {
			isa = PBXGroup;
			children = (
				233F64F522A1659D003DF079 /* bangseph.app */,
				233F650B22A1659D003DF079 /* bangsephTests.xctest */,
				233F651622A1659D003DF079 /* bangsephUITests.xctest */,
			);
			name = Products;
			sourceTree = "<group>";
		};
		233F64F722A1659D003DF079 /* bangseph */ = {
			isa = PBXGroup;
			children = (
				23B8F39A22B6A6620067650F /* Assets */,
				233F64F822A1659D003DF079 /* AppDelegate.swift */,
				233F64FA22A1659D003DF079 /* MasterViewController.swift */,
				233F64FC22A1659D003DF079 /* DetailViewController.swift */,
				233F64FE22A1659D003DF079 /* Main.storyboard */,
				23B8F3A822B6AFA70067650F /* KakaoTalk_Photo_2019-06-17-02-10-08.png */,
				235A8B43234B97DD00F0062B /* Candy.swift */,
				235A8B42234B97DD00F0062B /* SearchFooter.swift */,
				23B8F3AA22B6B15B0067650F /* KakaoTalk_Photo_2019-06-17-02-17-26.png */,
				235A8B48234B985100F0062B /* 서울시 역코드로 지하철역 위치 조회.json */,
				236457FD22B74183008CAD73 /* 런치스크린.png */,
				236457FE22B74183008CAD73 /* 스크린샷 2019-06-17 오전 11.59.24.png */,
				233F650122A1659D003DF079 /* Assets.xcassets */,
				233F650322A1659D003DF079 /* LaunchScreen.storyboard */,
				235A8B46234B981400F0062B /* Hospital.swift */,
				233F650622A1659D003DF079 /* Info.plist */,
				235A8B4E234B995D00F0062B /* IMG_B8436465A33E-1.jpeg */,
				235A8B4C234B993000F0062B /* IMG_7201.jpg */,
				235A8B50234B998900F0062B /* KakaoTalk_Photo_2019-06-03-01-55-32.png */,
				231C117B22A41FFD0024588B /* TimeTableViewController.swift */,
				235A8B4A234B98D200F0062B /* GoogleService-Info.plist */,
				231C118B22A43BBA0024588B /* LoginViewController.swift */,
				23B8F38C22B69B0F0067650F /* UpTimeTabelViewController.swift */,
				23B8F38E22B69B1F0067650F /* DownTableViewController.swift */,
				23B8F39222B6A6580067650F /* AudioController.swift */,
				23B8F39422B6A6580067650F /* Config.swift */,
				23B8F39322B6A6580067650F /* ExplodeView.swift */,
				23B8F39022B6A6580067650F /* StardustView.swift */,
			);
			path = bangseph;
			sourceTree = "<group>";
		};
		233F650E22A1659D003DF079 /* bangsephTests */ = {
			isa = PBXGroup;
			children = (
				233F650F22A1659D003DF079 /* bangsephTests.swift */,
				233F651122A1659D003DF079 /* Info.plist */,
			);
			path = bangsephTests;
			sourceTree = "<group>";
		};
		233F651922A1659D003DF079 /* bangsephUITests */ = {
			isa = PBXGroup;
			children = (
				233F651A22A1659D003DF079 /* bangsephUITests.swift */,
				233F651C22A1659D003DF079 /* Info.plist */,
			);
			path = bangsephUITests;
			sourceTree = "<group>";
		};
		23B8F39A22B6A6620067650F /* Assets */ = {
			isa = PBXGroup;
			children = (
				23B8F39D22B6A6880067650F /* Particles */,
				23B8F39C22B6A6810067650F /* Font */,
				23B8F39B22B6A67B0067650F /* Audio */,
			);
			path = Assets;
			sourceTree = "<group>";
		};
		23B8F39B22B6A67B0067650F /* Audio */ = {
			isa = PBXGroup;
			children = (
				23B8F39F22B6A6A00067650F /* ding.mp3 */,
				23B8F3A022B6A6A00067650F /* win.mp3 */,
				23B8F39E22B6A6A00067650F /* wrong.m4a */,
			);
			path = Audio;
			sourceTree = "<group>";
		};
		23B8F39C22B6A6810067650F /* Font */ = {
			isa = PBXGroup;
			children = (
				23B8F3A422B6A6A60067650F /* Comic_Andy.ttf */,
			);
			path = Font;
			sourceTree = "<group>";
		};
		23B8F39D22B6A6880067650F /* Particles */ = {
			isa = PBXGroup;
			children = (
				23B8F3A622B6A6AB0067650F /* particle.png */,
			);
			path = Particles;
			sourceTree = "<group>";
		};
		5DD9D7FBCA6CA37281F6C711 /* Pods */ = {
			isa = PBXGroup;
			children = (
				26815E1392F81BACB8A89E0D /* Pods-bangseph.debug.xcconfig */,
				ABB2ECDED5CB30242D282CAC /* Pods-bangseph.release.xcconfig */,
				F8272CB8B9B2C2228A0075D2 /* Pods-bangsephTests.debug.xcconfig */,
				3042C6CB1CA5A77C1F504AD6 /* Pods-bangsephTests.release.xcconfig */,
				B22F49F919FC7891E707004E /* Pods-bangsephUITests.debug.xcconfig */,
				247B87CDC7C363F3638630A8 /* Pods-bangsephUITests.release.xcconfig */,
			);
			path = Pods;
			sourceTree = "<group>";
		};
		C0F776CF84B89419EFB201A8 /* Frameworks */ = {
			isa = PBXGroup;
			children = (
				8BD22437BFD7761D1F98DB22 /* Pods_bangseph.framework */,
				EEDAFEEA3E2FA2C6762CFF2C /* Pods_bangsephTests.framework */,
				9C77E16F62D8736345F46BF3 /* Pods_bangsephUITests.framework */,
			);
			name = Frameworks;
			sourceTree = "<group>";
		};
/* End PBXGroup section */

/* Begin PBXNativeTarget section */
		233F64F422A1659D003DF079 /* bangseph */ = {
			isa = PBXNativeTarget;
			buildConfigurationList = 233F651F22A1659D003DF079 /* Build configuration list for PBXNativeTarget "bangseph" */;
			buildPhases = (
				0B3C16534DD7B060D2964AAC /* [CP] Check Pods Manifest.lock */,
				233F64F122A1659D003DF079 /* Sources */,
				233F64F222A1659D003DF079 /* Frameworks */,
				233F64F322A1659D003DF079 /* Resources */,
				493F554FAF97CFE209B0A360 /* [CP] Embed Pods Frameworks */,
			);
			buildRules = (
			);
			dependencies = (
			);
			name = bangseph;
			productName = bangseph;
			productReference = 233F64F522A1659D003DF079 /* bangseph.app */;
			productType = "com.apple.product-type.application";
		};
		233F650A22A1659D003DF079 /* bangsephTests */ = {
			isa = PBXNativeTarget;
			buildConfigurationList = 233F652222A1659D003DF079 /* Build configuration list for PBXNativeTarget "bangsephTests" */;
			buildPhases = (
				1193305C32771C241214D2E4 /* [CP] Check Pods Manifest.lock */,
				233F650722A1659D003DF079 /* Sources */,
				233F650822A1659D003DF079 /* Frameworks */,
				233F650922A1659D003DF079 /* Resources */,
			);
			buildRules = (
			);
			dependencies = (
				233F650D22A1659D003DF079 /* PBXTargetDependency */,
			);
			name = bangsephTests;
			productName = bangsephTests;
			productReference = 233F650B22A1659D003DF079 /* bangsephTests.xctest */;
			productType = "com.apple.product-type.bundle.unit-test";
		};
		233F651522A1659D003DF079 /* bangsephUITests */ = {
			isa = PBXNativeTarget;
			buildConfigurationList = 233F652522A1659D003DF079 /* Build configuration list for PBXNativeTarget "bangsephUITests" */;
			buildPhases = (
				067C3289797A7D60381D5E7F /* [CP] Check Pods Manifest.lock */,
				233F651222A1659D003DF079 /* Sources */,
				233F651322A1659D003DF079 /* Frameworks */,
				233F651422A1659D003DF079 /* Resources */,
			);
			buildRules = (
			);
			dependencies = (
				233F651822A1659D003DF079 /* PBXTargetDependency */,
			);
			name = bangsephUITests;
			productName = bangsephUITests;
			productReference = 233F651622A1659D003DF079 /* bangsephUITests.xctest */;
			productType = "com.apple.product-type.bundle.ui-testing";
		};
/* End PBXNativeTarget section */

/* Begin PBXProject section */
		233F64ED22A1659D003DF079 /* Project object */ = {
			isa = PBXProject;
			attributes = {
				LastSwiftUpdateCheck = 1020;
				LastUpgradeCheck = 1020;
				ORGANIZATIONNAME = "차요셉";
				TargetAttributes = {
					233F64F422A1659D003DF079 = {
						CreatedOnToolsVersion = 10.2.1;
					};
					233F650A22A1659D003DF079 = {
						CreatedOnToolsVersion = 10.2.1;
						TestTargetID = 233F64F422A1659D003DF079;
					};
					233F651522A1659D003DF079 = {
						CreatedOnToolsVersion = 10.2.1;
						TestTargetID = 233F64F422A1659D003DF079;
					};
				};
			};
			buildConfigurationList = 233F64F022A1659D003DF079 /* Build configuration list for PBXProject "bangseph" */;
			compatibilityVersion = "Xcode 9.3";
			developmentRegion = en;
			hasScannedForEncodings = 0;
			knownRegions = (
				en,
				Base,
			);
			mainGroup = 233F64EC22A1659D003DF079;
			productRefGroup = 233F64F622A1659D003DF079 /* Products */;
			projectDirPath = "";
			projectRoot = "";
			targets = (
				233F64F422A1659D003DF079 /* bangseph */,
				233F650A22A1659D003DF079 /* bangsephTests */,
				233F651522A1659D003DF079 /* bangsephUITests */,
			);
		};
/* End PBXProject section */

/* Begin PBXResourcesBuildPhase section */
		233F64F322A1659D003DF079 /* Resources */ = {
			isa = PBXResourcesBuildPhase;
			buildActionMask = 2147483647;
			files = (
				23B8F3A322B6A6A00067650F /* win.mp3 in Resources */,
				23B8F3A522B6A6A60067650F /* Comic_Andy.ttf in Resources */,
				233F650522A1659D003DF079 /* LaunchScreen.storyboard in Resources */,
				2364580022B74183008CAD73 /* 스크린샷 2019-06-17 오전 11.59.24.png in Resources */,
				235A8B49234B985100F0062B /* 서울시 역코드로 지하철역 위치 조회.json in Resources */,
				233F650222A1659D003DF079 /* Assets.xcassets in Resources */,
				235A8B4D234B993000F0062B /* IMG_7201.jpg in Resources */,
				23B8F3A222B6A6A00067650F /* ding.mp3 in Resources */,
				235A8B51234B998900F0062B /* KakaoTalk_Photo_2019-06-03-01-55-32.png in Resources */,
				233F650022A1659D003DF079 /* Main.storyboard in Resources */,
				23B8F3A722B6A6AB0067650F /* particle.png in Resources */,
				235A8B4F234B995D00F0062B /* IMG_B8436465A33E-1.jpeg in Resources */,
				235A8B4B234B98D200F0062B /* GoogleService-Info.plist in Resources */,
				23B8F3A122B6A6A00067650F /* wrong.m4a in Resources */,
				23B8F3A922B6AFA80067650F /* KakaoTalk_Photo_2019-06-17-02-10-08.png in Resources */,
				236457FF22B74183008CAD73 /* 런치스크린.png in Resources */,
				23B8F3AB22B6B15B0067650F /* KakaoTalk_Photo_2019-06-17-02-17-26.png in Resources */,
			);
			runOnlyForDeploymentPostprocessing = 0;
		};
		233F650922A1659D003DF079 /* Resources */ = {
			isa = PBXResourcesBuildPhase;
			buildActionMask = 2147483647;
			files = (
			);
			runOnlyForDeploymentPostprocessing = 0;
		};
		233F651422A1659D003DF079 /* Resources */ = {
			isa = PBXResourcesBuildPhase;
			buildActionMask = 2147483647;
			files = (
			);
			runOnlyForDeploymentPostprocessing = 0;
		};
/* End PBXResourcesBuildPhase section */

/* Begin PBXShellScriptBuildPhase section */
		067C3289797A7D60381D5E7F /* [CP] Check Pods Manifest.lock */ = {
			isa = PBXShellScriptBuildPhase;
			buildActionMask = 2147483647;
			files = (
			);
			inputFileListPaths = (
			);
			inputPaths = (
				"${PODS_PODFILE_DIR_PATH}/Podfile.lock",
				"${PODS_ROOT}/Manifest.lock",
			);
			name = "[CP] Check Pods Manifest.lock";
			outputFileListPaths = (
			);
			outputPaths = (
				"$(DERIVED_FILE_DIR)/Pods-bangsephUITests-checkManifestLockResult.txt",
			);
			runOnlyForDeploymentPostprocessing = 0;
			shellPath = /bin/sh;
			shellScript = "diff \"${PODS_PODFILE_DIR_PATH}/Podfile.lock\" \"${PODS_ROOT}/Manifest.lock\" > /dev/null\nif [ $? != 0 ] ; then\n    # print error to STDERR\n    echo \"error: The sandbox is not in sync with the Podfile.lock. Run 'pod install' or update your CocoaPods installation.\" >&2\n    exit 1\nfi\n# This output is used by Xcode 'outputs' to avoid re-running this script phase.\necho \"SUCCESS\" > \"${SCRIPT_OUTPUT_FILE_0}\"\n";
			showEnvVarsInLog = 0;
		};
		0B3C16534DD7B060D2964AAC /* [CP] Check Pods Manifest.lock */ = {
			isa = PBXShellScriptBuildPhase;
			buildActionMask = 2147483647;
			files = (
			);
			inputFileListPaths = (
			);
			inputPaths = (
				"${PODS_PODFILE_DIR_PATH}/Podfile.lock",
				"${PODS_ROOT}/Manifest.lock",
			);
			name = "[CP] Check Pods Manifest.lock";
			outputFileListPaths = (
			);
			outputPaths = (
				"$(DERIVED_FILE_DIR)/Pods-bangseph-checkManifestLockResult.txt",
			);
			runOnlyForDeploymentPostprocessing = 0;
			shellPath = /bin/sh;
			shellScript = "diff \"${PODS_PODFILE_DIR_PATH}/Podfile.lock\" \"${PODS_ROOT}/Manifest.lock\" > /dev/null\nif [ $? != 0 ] ; then\n    # print error to STDERR\n    echo \"error: The sandbox is not in sync with the Podfile.lock. Run 'pod install' or update your CocoaPods installation.\" >&2\n    exit 1\nfi\n# This output is used by Xcode 'outputs' to avoid re-running this script phase.\necho \"SUCCESS\" > \"${SCRIPT_OUTPUT_FILE_0}\"\n";
			showEnvVarsInLog = 0;
		};
		1193305C32771C241214D2E4 /* [CP] Check Pods Manifest.lock */ = {
			isa = PBXShellScriptBuildPhase;
			buildActionMask = 2147483647;
			files = (
			);
			inputFileListPaths = (
			);
			inputPaths = (
				"${PODS_PODFILE_DIR_PATH}/Podfile.lock",
				"${PODS_ROOT}/Manifest.lock",
			);
			name = "[CP] Check Pods Manifest.lock";
			outputFileListPaths = (
			);
			outputPaths = (
				"$(DERIVED_FILE_DIR)/Pods-bangsephTests-checkManifestLockResult.txt",
			);
			runOnlyForDeploymentPostprocessing = 0;
			shellPath = /bin/sh;
			shellScript = "diff \"${PODS_PODFILE_DIR_PATH}/Podfile.lock\" \"${PODS_ROOT}/Manifest.lock\" > /dev/null\nif [ $? != 0 ] ; then\n    # print error to STDERR\n    echo \"error: The sandbox is not in sync with the Podfile.lock. Run 'pod install' or update your CocoaPods installation.\" >&2\n    exit 1\nfi\n# This output is used by Xcode 'outputs' to avoid re-running this script phase.\necho \"SUCCESS\" > \"${SCRIPT_OUTPUT_FILE_0}\"\n";
			showEnvVarsInLog = 0;
		};
		493F554FAF97CFE209B0A360 /* [CP] Embed Pods Frameworks */ = {
			isa = PBXShellScriptBuildPhase;
			buildActionMask = 2147483647;
			files = (
			);
			inputFileListPaths = (
				"${PODS_ROOT}/Target Support Files/Pods-bangseph/Pods-bangseph-frameworks-${CONFIGURATION}-input-files.xcfilelist",
			);
			name = "[CP] Embed Pods Frameworks";
			outputFileListPaths = (
				"${PODS_ROOT}/Target Support Files/Pods-bangseph/Pods-bangseph-frameworks-${CONFIGURATION}-output-files.xcfilelist",
			);
			runOnlyForDeploymentPostprocessing = 0;
			shellPath = /bin/sh;
			shellScript = "\"${PODS_ROOT}/Target Support Files/Pods-bangseph/Pods-bangseph-frameworks.sh\"\n";
			showEnvVarsInLog = 0;
		};
/* End PBXShellScriptBuildPhase section */

/* Begin PBXSourcesBuildPhase section */
		233F64F122A1659D003DF079 /* Sources */ = {
			isa = PBXSourcesBuildPhase;
			buildActionMask = 2147483647;
			files = (
				23B8F39822B6A6590067650F /* ExplodeView.swift in Sources */,
				235A8B45234B97DD00F0062B /* Candy.swift in Sources */,
				231C118C22A43BBA0024588B /* LoginViewController.swift in Sources */,
				233F64FD22A1659D003DF079 /* DetailViewController.swift in Sources */,
				23B8F39922B6A6590067650F /* Config.swift in Sources */,
				231C117C22A41FFD0024588B /* TimeTableViewController.swift in Sources */,
				233F64FB22A1659D003DF079 /* MasterViewController.swift in Sources */,
				235A8B47234B981500F0062B /* Hospital.swift in Sources */,
				23B8F38D22B69B0F0067650F /* UpTimeTabelViewController.swift in Sources */,
				23B8F38F22B69B1F0067650F /* DownTableViewController.swift in Sources */,
				23B8F39522B6A6590067650F /* StardustView.swift in Sources */,
				23B8F39722B6A6590067650F /* AudioController.swift in Sources */,
				235A8B44234B97DD00F0062B /* SearchFooter.swift in Sources */,
				233F64F922A1659D003DF079 /* AppDelegate.swift in Sources */,
			);
			runOnlyForDeploymentPostprocessing = 0;
		};
		233F650722A1659D003DF079 /* Sources */ = {
			isa = PBXSourcesBuildPhase;
			buildActionMask = 2147483647;
			files = (
				233F651022A1659D003DF079 /* bangsephTests.swift in Sources */,
			);
			runOnlyForDeploymentPostprocessing = 0;
		};
		233F651222A1659D003DF079 /* Sources */ = {
			isa = PBXSourcesBuildPhase;
			buildActionMask = 2147483647;
			files = (
				233F651B22A1659D003DF079 /* bangsephUITests.swift in Sources */,
			);
			runOnlyForDeploymentPostprocessing = 0;
		};
/* End PBXSourcesBuildPhase section */

/* Begin PBXTargetDependency section */
		233F650D22A1659D003DF079 /* PBXTargetDependency */ = {
			isa = PBXTargetDependency;
			target = 233F64F422A1659D003DF079 /* bangseph */;
			targetProxy = 233F650C22A1659D003DF079 /* PBXContainerItemProxy */;
		};
		233F651822A1659D003DF079 /* PBXTargetDependency */ = {
			isa = PBXTargetDependency;
			target = 233F64F422A1659D003DF079 /* bangseph */;
			targetProxy = 233F651722A1659D003DF079 /* PBXContainerItemProxy */;
		};
/* End PBXTargetDependency section */

/* Begin PBXVariantGroup section */
		233F64FE22A1659D003DF079 /* Main.storyboard */ = {
			isa = PBXVariantGroup;
			children = (
				233F64FF22A1659D003DF079 /* Base */,
			);
			name = Main.storyboard;
			sourceTree = "<group>";
		};
		233F650322A1659D003DF079 /* LaunchScreen.storyboard */ = {
			isa = PBXVariantGroup;
			children = (
				233F650422A1659D003DF079 /* Base */,
			);
			name = LaunchScreen.storyboard;
			sourceTree = "<group>";
		};
/* End PBXVariantGroup section */

/* Begin XCBuildConfiguration section */
		233F651D22A1659D003DF079 /* Debug */ = {
			isa = XCBuildConfiguration;
			buildSettings = {
				ALWAYS_SEARCH_USER_PATHS = NO;
				CLANG_ANALYZER_NONNULL = YES;
				CLANG_ANALYZER_NUMBER_OBJECT_CONVERSION = YES_AGGRESSIVE;
				CLANG_CXX_LANGUAGE_STANDARD = "gnu++14";
				CLANG_CXX_LIBRARY = "libc++";
				CLANG_ENABLE_MODULES = YES;
				CLANG_ENABLE_OBJC_ARC = YES;
				CLANG_ENABLE_OBJC_WEAK = YES;
				CLANG_WARN_BLOCK_CAPTURE_AUTORELEASING = YES;
				CLANG_WARN_BOOL_CONVERSION = YES;
				CLANG_WARN_COMMA = YES;
				CLANG_WARN_CONSTANT_CONVERSION = YES;
				CLANG_WARN_DEPRECATED_OBJC_IMPLEMENTATIONS = YES;
				CLANG_WARN_DIRECT_OBJC_ISA_USAGE = YES_ERROR;
				CLANG_WARN_DOCUMENTATION_COMMENTS = YES;
				CLANG_WARN_EMPTY_BODY = YES;
				CLANG_WARN_ENUM_CONVERSION = YES;
				CLANG_WARN_INFINITE_RECURSION = YES;
				CLANG_WARN_INT_CONVERSION = YES;
				CLANG_WARN_NON_LITERAL_NULL_CONVERSION = YES;
				CLANG_WARN_OBJC_IMPLICIT_RETAIN_SELF = YES;
				CLANG_WARN_OBJC_LITERAL_CONVERSION = YES;
				CLANG_WARN_OBJC_ROOT_CLASS = YES_ERROR;
				CLANG_WARN_RANGE_LOOP_ANALYSIS = YES;
				CLANG_WARN_STRICT_PROTOTYPES = YES;
				CLANG_WARN_SUSPICIOUS_MOVE = YES;
				CLANG_WARN_UNGUARDED_AVAILABILITY = YES_AGGRESSIVE;
				CLANG_WARN_UNREACHABLE_CODE = YES;
				CLANG_WARN__DUPLICATE_METHOD_MATCH = YES;
				CODE_SIGN_IDENTITY = "iPhone Developer";
				COPY_PHASE_STRIP = NO;
				DEBUG_INFORMATION_FORMAT = dwarf;
				ENABLE_STRICT_OBJC_MSGSEND = YES;
				ENABLE_TESTABILITY = YES;
				GCC_C_LANGUAGE_STANDARD = gnu11;
				GCC_DYNAMIC_NO_PIC = NO;
				GCC_NO_COMMON_BLOCKS = YES;
				GCC_OPTIMIZATION_LEVEL = 0;
				GCC_PREPROCESSOR_DEFINITIONS = (
					"DEBUG=1",
					"$(inherited)",
				);
				GCC_WARN_64_TO_32_BIT_CONVERSION = YES;
				GCC_WARN_ABOUT_RETURN_TYPE = YES_ERROR;
				GCC_WARN_UNDECLARED_SELECTOR = YES;
				GCC_WARN_UNINITIALIZED_AUTOS = YES_AGGRESSIVE;
				GCC_WARN_UNUSED_FUNCTION = YES;
				GCC_WARN_UNUSED_VARIABLE = YES;
				IPHONEOS_DEPLOYMENT_TARGET = 12.2;
				MTL_ENABLE_DEBUG_INFO = INCLUDE_SOURCE;
				MTL_FAST_MATH = YES;
				ONLY_ACTIVE_ARCH = YES;
				SDKROOT = iphoneos;
				SWIFT_ACTIVE_COMPILATION_CONDITIONS = DEBUG;
				SWIFT_OPTIMIZATION_LEVEL = "-Onone";
			};
			name = Debug;
		};
		233F651E22A1659D003DF079 /* Release */ = {
			isa = XCBuildConfiguration;
			buildSettings = {
				ALWAYS_SEARCH_USER_PATHS = NO;
				CLANG_ANALYZER_NONNULL = YES;
				CLANG_ANALYZER_NUMBER_OBJECT_CONVERSION = YES_AGGRESSIVE;
				CLANG_CXX_LANGUAGE_STANDARD = "gnu++14";
				CLANG_CXX_LIBRARY = "libc++";
				CLANG_ENABLE_MODULES = YES;
				CLANG_ENABLE_OBJC_ARC = YES;
				CLANG_ENABLE_OBJC_WEAK = YES;
				CLANG_WARN_BLOCK_CAPTURE_AUTORELEASING = YES;
				CLANG_WARN_BOOL_CONVERSION = YES;
				CLANG_WARN_COMMA = YES;
				CLANG_WARN_CONSTANT_CONVERSION = YES;
				CLANG_WARN_DEPRECATED_OBJC_IMPLEMENTATIONS = YES;
				CLANG_WARN_DIRECT_OBJC_ISA_USAGE = YES_ERROR;
				CLANG_WARN_DOCUMENTATION_COMMENTS = YES;
				CLANG_WARN_EMPTY_BODY = YES;
				CLANG_WARN_ENUM_CONVERSION = YES;
				CLANG_WARN_INFINITE_RECURSION = YES;
				CLANG_WARN_INT_CONVERSION = YES;
				CLANG_WARN_NON_LITERAL_NULL_CONVERSION = YES;
				CLANG_WARN_OBJC_IMPLICIT_RETAIN_SELF = YES;
				CLANG_WARN_OBJC_LITERAL_CONVERSION = YES;
				CLANG_WARN_OBJC_ROOT_CLASS = YES_ERROR;
				CLANG_WARN_RANGE_LOOP_ANALYSIS = YES;
				CLANG_WARN_STRICT_PROTOTYPES = YES;
				CLANG_WARN_SUSPICIOUS_MOVE = YES;
				CLANG_WARN_UNGUARDED_AVAILABILITY = YES_AGGRESSIVE;
				CLANG_WARN_UNREACHABLE_CODE = YES;
				CLANG_WARN__DUPLICATE_METHOD_MATCH = YES;
				CODE_SIGN_IDENTITY = "iPhone Developer";
				COPY_PHASE_STRIP = NO;
				DEBUG_INFORMATION_FORMAT = "dwarf-with-dsym";
				ENABLE_NS_ASSERTIONS = NO;
				ENABLE_STRICT_OBJC_MSGSEND = YES;
				GCC_C_LANGUAGE_STANDARD = gnu11;
				GCC_NO_COMMON_BLOCKS = YES;
				GCC_WARN_64_TO_32_BIT_CONVERSION = YES;
				GCC_WARN_ABOUT_RETURN_TYPE = YES_ERROR;
				GCC_WARN_UNDECLARED_SELECTOR = YES;
				GCC_WARN_UNINITIALIZED_AUTOS = YES_AGGRESSIVE;
				GCC_WARN_UNUSED_FUNCTION = YES;
				GCC_WARN_UNUSED_VARIABLE = YES;
				IPHONEOS_DEPLOYMENT_TARGET = 12.2;
				MTL_ENABLE_DEBUG_INFO = NO;
				MTL_FAST_MATH = YES;
				SDKROOT = iphoneos;
				SWIFT_COMPILATION_MODE = wholemodule;
				SWIFT_OPTIMIZATION_LEVEL = "-O";
				VALIDATE_PRODUCT = YES;
			};
			name = Release;
		};
		233F652022A1659D003DF079 /* Debug */ = {
			isa = XCBuildConfiguration;
			baseConfigurationReference = 26815E1392F81BACB8A89E0D /* Pods-bangseph.debug.xcconfig */;
			buildSettings = {
				ASSETCATALOG_COMPILER_APPICON_NAME = "AppIcon-1";
				ASSETCATALOG_COMPILER_LAUNCHIMAGE_NAME = LaunchImage;
				CODE_SIGN_STYLE = Automatic;
				DEVELOPMENT_TEAM = MH2ZJS3XW4;
				INFOPLIST_FILE = bangseph/Info.plist;
				LD_RUNPATH_SEARCH_PATHS = (
					"$(inherited)",
					"@executable_path/Frameworks",
				);
				PRODUCT_BUNDLE_IDENTIFIER = kr.ac.kpu.bangseph;
				PRODUCT_NAME = "$(TARGET_NAME)";
				SWIFT_VERSION = 4.2;
				TARGETED_DEVICE_FAMILY = "1,2";
			};
			name = Debug;
		};
		233F652122A1659D003DF079 /* Release */ = {
			isa = XCBuildConfiguration;
			baseConfigurationReference = ABB2ECDED5CB30242D282CAC /* Pods-bangseph.release.xcconfig */;
			buildSettings = {
				ASSETCATALOG_COMPILER_APPICON_NAME = "AppIcon-1";
				ASSETCATALOG_COMPILER_LAUNCHIMAGE_NAME = LaunchImage;
				CODE_SIGN_STYLE = Automatic;
				DEVELOPMENT_TEAM = MH2ZJS3XW4;
				INFOPLIST_FILE = bangseph/Info.plist;
				LD_RUNPATH_SEARCH_PATHS = (
					"$(inherited)",
					"@executable_path/Frameworks",
				);
				PRODUCT_BUNDLE_IDENTIFIER = kr.ac.kpu.bangseph;
				PRODUCT_NAME = "$(TARGET_NAME)";
				SWIFT_VERSION = 4.2;
				TARGETED_DEVICE_FAMILY = "1,2";
			};
			name = Release;
		};
		233F652322A1659D003DF079 /* Debug */ = {
			isa = XCBuildConfiguration;
			baseConfigurationReference = F8272CB8B9B2C2228A0075D2 /* Pods-bangsephTests.debug.xcconfig */;
			buildSettings = {
				ALWAYS_EMBED_SWIFT_STANDARD_LIBRARIES = YES;
				BUNDLE_LOADER = "$(TEST_HOST)";
				CODE_SIGN_STYLE = Automatic;
				DEVELOPMENT_TEAM = MH2ZJS3XW4;
				INFOPLIST_FILE = bangsephTests/Info.plist;
				LD_RUNPATH_SEARCH_PATHS = (
					"$(inherited)",
					"@executable_path/Frameworks",
					"@loader_path/Frameworks",
				);
				PRODUCT_BUNDLE_IDENTIFIER = kr.ac.kpu.bangsephTests;
				PRODUCT_NAME = "$(TARGET_NAME)";
				SWIFT_VERSION = 5.0;
				TARGETED_DEVICE_FAMILY = "1,2";
				TEST_HOST = "$(BUILT_PRODUCTS_DIR)/bangseph.app/bangseph";
			};
			name = Debug;
		};
		233F652422A1659D003DF079 /* Release */ = {
			isa = XCBuildConfiguration;
			baseConfigurationReference = 3042C6CB1CA5A77C1F504AD6 /* Pods-bangsephTests.release.xcconfig */;
			buildSettings = {
				ALWAYS_EMBED_SWIFT_STANDARD_LIBRARIES = YES;
				BUNDLE_LOADER = "$(TEST_HOST)";
				CODE_SIGN_STYLE = Automatic;
				DEVELOPMENT_TEAM = MH2ZJS3XW4;
				INFOPLIST_FILE = bangsephTests/Info.plist;
				LD_RUNPATH_SEARCH_PATHS = (
					"$(inherited)",
					"@executable_path/Frameworks",
					"@loader_path/Frameworks",
				);
				PRODUCT_BUNDLE_IDENTIFIER = kr.ac.kpu.bangsephTests;
				PRODUCT_NAME = "$(TARGET_NAME)";
				SWIFT_VERSION = 5.0;
				TARGETED_DEVICE_FAMILY = "1,2";
				TEST_HOST = "$(BUILT_PRODUCTS_DIR)/bangseph.app/bangseph";
			};
			name = Release;
		};
		233F652622A1659D003DF079 /* Debug */ = {
			isa = XCBuildConfiguration;
			baseConfigurationReference = B22F49F919FC7891E707004E /* Pods-bangsephUITests.debug.xcconfig */;
			buildSettings = {
				ALWAYS_EMBED_SWIFT_STANDARD_LIBRARIES = YES;
				CODE_SIGN_STYLE = Automatic;
				DEVELOPMENT_TEAM = MH2ZJS3XW4;
				INFOPLIST_FILE = bangsephUITests/Info.plist;
				LD_RUNPATH_SEARCH_PATHS = (
					"$(inherited)",
					"@executable_path/Frameworks",
					"@loader_path/Frameworks",
				);
				PRODUCT_BUNDLE_IDENTIFIER = kr.ac.kpu.bangsephUITests;
				PRODUCT_NAME = "$(TARGET_NAME)";
				SWIFT_VERSION = 5.0;
				TARGETED_DEVICE_FAMILY = "1,2";
				TEST_TARGET_NAME = bangseph;
			};
			name = Debug;
		};
		233F652722A1659D003DF079 /* Release */ = {
			isa = XCBuildConfiguration;
			baseConfigurationReference = 247B87CDC7C363F3638630A8 /* Pods-bangsephUITests.release.xcconfig */;
			buildSettings = {
				ALWAYS_EMBED_SWIFT_STANDARD_LIBRARIES = YES;
				CODE_SIGN_STYLE = Automatic;
				DEVELOPMENT_TEAM = MH2ZJS3XW4;
				INFOPLIST_FILE = bangsephUITests/Info.plist;
				LD_RUNPATH_SEARCH_PATHS = (
					"$(inherited)",
					"@executable_path/Frameworks",
					"@loader_path/Frameworks",
				);
				PRODUCT_BUNDLE_IDENTIFIER = kr.ac.kpu.bangsephUITests;
				PRODUCT_NAME = "$(TARGET_NAME)";
				SWIFT_VERSION = 5.0;
				TARGETED_DEVICE_FAMILY = "1,2";
				TEST_TARGET_NAME = bangseph;
			};
			name = Release;
		};
/* End XCBuildConfiguration section */

/* Begin XCConfigurationList section */
		233F64F022A1659D003DF079 /* Build configuration list for PBXProject "bangseph" */ = {
			isa = XCConfigurationList;
			buildConfigurations = (
				233F651D22A1659D003DF079 /* Debug */,
				233F651E22A1659D003DF079 /* Release */,
			);
			defaultConfigurationIsVisible = 0;
			defaultConfigurationName = Release;
		};
		233F651F22A1659D003DF079 /* Build configuration list for PBXNativeTarget "bangseph" */ = {
			isa = XCConfigurationList;
			buildConfigurations = (
				233F652022A1659D003DF079 /* Debug */,
				233F652122A1659D003DF079 /* Release */,
			);
			defaultConfigurationIsVisible = 0;
			defaultConfigurationName = Release;
		};
		233F652222A1659D003DF079 /* Build configuration list for PBXNativeTarget "bangsephTests" */ = {
			isa = XCConfigurationList;
			buildConfigurations = (
				233F652322A1659D003DF079 /* Debug */,
				233F652422A1659D003DF079 /* Release */,
			);
			defaultConfigurationIsVisible = 0;
			defaultConfigurationName = Release;
		};
		233F652522A1659D003DF079 /* Build configuration list for PBXNativeTarget "bangsephUITests" */ = {
			isa = XCConfigurationList;
			buildConfigurations = (
				233F652622A1659D003DF079 /* Debug */,
				233F652722A1659D003DF079 /* Release */,
			);
			defaultConfigurationIsVisible = 0;
			defaultConfigurationName = Release;
		};
/* End XCConfigurationList section */
	};
	rootObject = 233F64ED22A1659D003DF079 /* Project object */;
}
